
Microsoft Visual Studio Solution File, Format Version 12.00
# Visual Studio Version 16
VisualStudioVersion = 16.0.31205.134
MinimumVisualStudioVersion = 10.0.40219.1
Project("{9A19103F-16F7-4668-BE54-9A1E7A4F7556}") = "HackASMTransletor", "HackASMTransletor.csproj", "{502911F5-47F9-4305-A0C9-65454F2C7F91}"
EndProject
Project("{2150E333-8FDC-42A3-9474-1A3956D46DE8}") = "LangDocs", "LangDocs", "{6B6B322F-50F9-44D9-B3B4-66CE9F09F5A8}"
	ProjectSection(SolutionItems) = preProject
		XMLFile1.xml = XMLFile1.xml
	EndProjectSection
EndProject
Project("{2150E333-8FDC-42A3-9474-1A3956D46DE8}") = "FileToParse", "FileToParse", "{2A09968B-8AB6-42D6-937E-11ADE0B43CF1}"
	ProjectSection(SolutionItems) = preProject
		..\..\..\Desktop\nand2tetris\projects\06\add\Add.asm = ..\..\..\Desktop\nand2tetris\projects\06\add\Add.asm
	EndProjectSection
EndProject
Global
	GlobalSection(SolutionConfigurationPlatforms) = preSolution
		Debug|Any CPU = Debug|Any CPU
		Release|Any CPU = Release|Any CPU
	EndGlobalSection
	GlobalSection(ProjectConfigurationPlatforms) = postSolution
		{502911F5-47F9-4305-A0C9-65454F2C7F91}.Debug|Any CPU.ActiveCfg = Debug|Any CPU
		{502911F5-47F9-4305-A0C9-65454F2C7F91}.Debug|Any CPU.Build.0 = Debug|Any CPU
		{502911F5-47F9-4305-A0C9-65454F2C7F91}.Release|Any CPU.ActiveCfg = Release|Any CPU
		{502911F5-47F9-4305-A0C9-65454F2C7F91}.Release|Any CPU.Build.0 = Release|Any CPU
	EndGlobalSection
	GlobalSection(SolutionProperties) = preSolution
		HideSolutionNode = FALSE
	EndGlobalSection
	GlobalSection(ExtensibilityGlobals) = postSolution
		SolutionGuid = {A1DFCEA4-4574-4E30-B46F-98998005F8F8}
	EndGlobalSection
EndGlobal
